<?xml version="1.0" encoding="utf-8"?>
<Project ToolsVersion="4.0" xmlns="http://schemas.microsoft.com/developer/msbuild/2003">
  <ItemGroup>
    <Filter Include="Source Files">
      <UniqueIdentifier>{4FC737F1-C7A5-4376-A066-2A32D752A2FF}</UniqueIdentifier>
      <Extensions>cpp;c;cc;cxx;def;odl;idl;hpj;bat;asm;asmx</Extensions>
    </Filter>
    <Filter Include="Header Files">
      <UniqueIdentifier>{93995380-89BD-4b04-88EB-625FBE52EBFB}</UniqueIdentifier>
      <Extensions>h;hh;hpp;hxx;hm;inl;inc;xsd</Extensions>
    </Filter>
    <Filter Include="Resource Files">
      <UniqueIdentifier>{67DA6AB6-F800-4c08-8B7A-83BB121AAD01}</UniqueIdentifier>
      <Extensions>rc;ico;cur;bmp;dlg;rc2;rct;bin;rgs;gif;jpg;jpeg;jpe;resx;tiff;tif;png;wav;mfcribbon-ms</Extensions>
    </Filter>
    <Filter Include="Source Files\main">
      <UniqueIdentifier>{a8878309-414b-4f00-8a93-1487c3b78b74}</UniqueIdentifier>
    </Filter>
    <Filter Include="Source Files\main\src">
      <UniqueIdentifier>{6b311f9f-03c5-40f7-8cb6-087719447e47}</UniqueIdentifier>
    </Filter>
    <Filter Include="Source Files\graphicsdriver">
      <UniqueIdentifier>{0c02ba36-74bb-42f6-9cbf-b5f87b28fa41}</UniqueIdentifier>
    </Filter>
    <Filter Include="Source Files\graphicsdriver\inc">
      <UniqueIdentifier>{e5816aa8-6733-4b50-90e4-642809697c3e}</UniqueIdentifier>
    </Filter>
    <Filter Include="Source Files\graphicsdriver\src">
      <UniqueIdentifier>{0cc56889-4df8-4b48-adb3-6097507743b7}</UniqueIdentifier>
    </Filter>
    <Filter Include="Source Files\core">
      <UniqueIdentifier>{f09f5062-d08a-4640-9937-230851f2e92d}</UniqueIdentifier>
    </Filter>
    <Filter Include="Source Files\core\src">
      <UniqueIdentifier>{cf6e852e-888a-4731-8d48-3c378f0e5ce1}</UniqueIdentifier>
    </Filter>
    <Filter Include="Source Files\core\inc">
      <UniqueIdentifier>{dfa40871-ad27-4531-8e58-9d7b32070b9e}</UniqueIdentifier>
    </Filter>
    <Filter Include="Source Files\main\inc">
      <UniqueIdentifier>{9228759c-7d50-4dc6-bae8-dc68b45833c4}</UniqueIdentifier>
    </Filter>
    <Filter Include="Source Files\engine">
      <UniqueIdentifier>{27bb6e6c-633f-4a06-b9b8-a8929d31d7c9}</UniqueIdentifier>
    </Filter>
    <Filter Include="Source Files\engine\inc">
      <UniqueIdentifier>{c7f45ff6-9635-4b72-9ac5-5e739133d5da}</UniqueIdentifier>
    </Filter>
    <Filter Include="Source Files\engine\src">
      <UniqueIdentifier>{ea664540-7b16-422c-b6f5-befa4e164b77}</UniqueIdentifier>
    </Filter>
    <Filter Include="Source Files\tinyobj">
      <UniqueIdentifier>{b9e48cd3-47ed-4153-81cf-b413729fcd74}</UniqueIdentifier>
    </Filter>
    <Filter Include="Source Files\tinyobj\inc">
      <UniqueIdentifier>{b29ee60d-79b6-43a8-8d4b-3af9a0daab42}</UniqueIdentifier>
    </Filter>
    <Filter Include="Source Files\tinyobj\src">
      <UniqueIdentifier>{2e163a5a-c39e-4bd6-989b-dea405a459c5}</UniqueIdentifier>
    </Filter>
    <Filter Include="Shaders">
      <UniqueIdentifier>{0eaebf38-ee45-4302-9b16-d00c0a526700}</UniqueIdentifier>
    </Filter>
    <Filter Include="Source Files\particles">
      <UniqueIdentifier>{1385a7a5-e0d4-4795-8758-74c900412ecc}</UniqueIdentifier>
    </Filter>
    <Filter Include="Source Files\particles\src">
      <UniqueIdentifier>{b4ad3fab-5c88-4107-bf00-62896bbf620a}</UniqueIdentifier>
    </Filter>
    <Filter Include="Source Files\particles\inc">
      <UniqueIdentifier>{09f62b28-dd73-463d-80e1-d1aea507648e}</UniqueIdentifier>
    </Filter>
    <Filter Include="Source Files\messaging">
      <UniqueIdentifier>{c075a3b8-fdd7-433e-a272-9c6daba852cc}</UniqueIdentifier>
    </Filter>
    <Filter Include="Source Files\messaging\inc">
      <UniqueIdentifier>{65c8fb6d-480a-4c4e-8148-44c7a46bec77}</UniqueIdentifier>
    </Filter>
    <Filter Include="Source Files\messaging\src">
      <UniqueIdentifier>{cb2fc68d-52b7-4e5d-ad61-329a42f70ab7}</UniqueIdentifier>
    </Filter>
    <Filter Include="Source Files\json">
      <UniqueIdentifier>{fc4027d5-bd10-4def-822d-6df61bedf2da}</UniqueIdentifier>
    </Filter>
    <Filter Include="Source Files\json\inc">
      <UniqueIdentifier>{c084697d-b905-42ff-96f3-b89ab66733ac}</UniqueIdentifier>
    </Filter>
    <Filter Include="Source Files\renderer">
      <UniqueIdentifier>{e8891182-fc7a-4ddb-a1cc-602245fa64ce}</UniqueIdentifier>
    </Filter>
    <Filter Include="Source Files\renderer\inc">
      <UniqueIdentifier>{6aa7720b-90ac-4e07-bdd4-561dcac5c0da}</UniqueIdentifier>
    </Filter>
    <Filter Include="Source Files\renderer\src">
      <UniqueIdentifier>{d45484b1-dbbf-4b68-8ef8-725d721eb442}</UniqueIdentifier>
    </Filter>
  </ItemGroup>
  <ItemGroup>
    <ClCompile Include="main\src\main.cpp">
      <Filter>Source Files\main\src</Filter>
    </ClCompile>
    <ClCompile Include="graphicsdriver\src\GraphicsDriver.cpp">
      <Filter>Source Files\graphicsdriver\src</Filter>
    </ClCompile>
    <ClCompile Include="core\src\dbg_assert.cpp">
      <Filter>Source Files\core\src</Filter>
    </ClCompile>
    <ClCompile Include="core\src\fastmath.cpp">
      <Filter>Source Files\core\src</Filter>
    </ClCompile>
    <ClCompile Include="core\src\StringUtils.cpp">
      <Filter>Source Files\core\src</Filter>
    </ClCompile>
    <ClCompile Include="core\src\Timing.cpp">
      <Filter>Source Files\core\src</Filter>
    </ClCompile>
    <ClCompile Include="main\src\PrecompiledHeader.cpp">
      <Filter>Source Files\main\src</Filter>
    </ClCompile>
    <ClCompile Include="engine\inc\App.cpp">
      <Filter>Source Files\engine\src</Filter>
    </ClCompile>
    <ClCompile Include="engine\src\Cube.cpp">
      <Filter>Source Files\engine\src</Filter>
    </ClCompile>
    <ClCompile Include="tinyobj\src\tiny_obj_loader.cc">
      <Filter>Source Files\tinyobj\src</Filter>
    </ClCompile>
    <ClCompile Include="engine\src\ObjMesh.cpp">
      <Filter>Source Files\engine\src</Filter>
    </ClCompile>
    <ClCompile Include="engine\src\Material.cpp">
      <Filter>Source Files\engine\src</Filter>
    </ClCompile>
    <ClCompile Include="engine\src\InputManager.cpp">
      <Filter>Source Files\engine\src</Filter>
    </ClCompile>
    <ClCompile Include="particles\src\ParticleEmitter.cpp">
      <Filter>Source Files\particles\src</Filter>
    </ClCompile>
    <ClCompile Include="messaging\src\MessageManager.cpp">
      <Filter>Source Files\messaging\src</Filter>
    </ClCompile>
    <ClCompile Include="particles\src\ParticleEmitterMessageHandler.cpp">
      <Filter>Source Files\particles\src</Filter>
    </ClCompile>
    <ClCompile Include="particles\src\ParticleSystem.cpp">
      <Filter>Source Files\particles\src</Filter>
    </ClCompile>
    <ClCompile Include="particles\src\ParticleSystemMessageHandler.cpp">
      <Filter>Source Files\particles\src</Filter>
    </ClCompile>
    <ClCompile Include="particles\src\ParticleSystemLoader.cpp">
      <Filter>Source Files\particles\src</Filter>
    </ClCompile>
    <ClCompile Include="renderer\src\Renderer.cpp">
      <Filter>Source Files\renderer\src</Filter>
    </ClCompile>
    <ClCompile Include="engine\src\MeshPrimitive.cpp">
      <Filter>Source Files\engine\src</Filter>
    </ClCompile>
    <ClCompile Include="engine\src\View.cpp">
      <Filter>Source Files\engine\src</Filter>
    </ClCompile>
    <ClCompile Include="particles\src\Quad.cpp">
      <Filter>Source Files\particles\src</Filter>
    </ClCompile>
    <ClCompile Include="engine\src\FullscreenQuad.cpp">
      <Filter>Source Files\engine\src</Filter>
    </ClCompile>
    <ClCompile Include="engine\src\QuadPrimitive.cpp">
      <Filter>Source Files\engine\src</Filter>
    </ClCompile>
  </ItemGroup>
  <ItemGroup>
    <ClInclude Include="graphicsdriver\inc\GraphicsDriver.h">
      <Filter>Source Files\graphicsdriver\inc</Filter>
    </ClInclude>
    <ClInclude Include="core\inc\dbg_assert.h">
      <Filter>Source Files\core\inc</Filter>
    </ClInclude>
    <ClInclude Include="core\inc\fastmath.h">
      <Filter>Source Files\core\inc</Filter>
    </ClInclude>
    <ClInclude Include="core\inc\itpmath.h">
      <Filter>Source Files\core\inc</Filter>
    </ClInclude>
    <ClInclude Include="core\inc\singleton.h">
      <Filter>Source Files\core\inc</Filter>
    </ClInclude>
    <ClInclude Include="core\inc\StringUtils.h">
      <Filter>Source Files\core\inc</Filter>
    </ClInclude>
    <ClInclude Include="core\inc\Timing.h">
      <Filter>Source Files\core\inc</Filter>
    </ClInclude>
    <ClInclude Include="main\inc\PrecompiledHeader.h">
      <Filter>Source Files\main\inc</Filter>
    </ClInclude>
    <ClInclude Include="engine\inc\App.h">
      <Filter>Source Files\engine\inc</Filter>
    </ClInclude>
    <ClInclude Include="core\inc\ITPMemory.h">
      <Filter>Source Files\core\inc</Filter>
    </ClInclude>
    <ClInclude Include="engine\inc\Cube.h">
      <Filter>Source Files\engine\inc</Filter>
    </ClInclude>
    <ClInclude Include="tinyobj\inc\tiny_obj_loader.h">
      <Filter>Source Files\tinyobj\inc</Filter>
    </ClInclude>
    <ClInclude Include="engine\inc\ObjMesh.h">
      <Filter>Source Files\engine\inc</Filter>
    </ClInclude>
    <ClInclude Include="engine\inc\Material.h">
      <Filter>Source Files\engine\inc</Filter>
    </ClInclude>
    <ClInclude Include="engine\inc\InputManager.h">
      <Filter>Source Files\engine\inc</Filter>
    </ClInclude>
    <ClInclude Include="particles\inc\ParticleEmitter.h">
      <Filter>Source Files\particles\inc</Filter>
    </ClInclude>
    <ClInclude Include="messaging\inc\MessageManager.h">
      <Filter>Source Files\messaging\inc</Filter>
    </ClInclude>
    <ClInclude Include="json\inc\json.hpp">
      <Filter>Source Files\json\inc</Filter>
    </ClInclude>
    <ClInclude Include="particles\inc\ParticleEmitterMessageHandler.h">
      <Filter>Source Files\particles\inc</Filter>
    </ClInclude>
    <ClInclude Include="particles\inc\ParticleSystem.h">
      <Filter>Source Files\particles\inc</Filter>
    </ClInclude>
    <ClInclude Include="particles\inc\MessageHandler.h">
      <Filter>Source Files\particles\inc</Filter>
    </ClInclude>
    <ClInclude Include="particles\inc\ParticleSystemMessageHandler.h">
      <Filter>Source Files\particles\inc</Filter>
    </ClInclude>
    <ClInclude Include="particles\inc\ParticleSystemLoader.h">
      <Filter>Source Files\particles\inc</Filter>
    </ClInclude>
    <ClInclude Include="renderer\inc\Renderer.h">
      <Filter>Source Files\renderer\inc</Filter>
    </ClInclude>
    <ClInclude Include="engine\inc\MeshPrimitive.h">
      <Filter>Source Files\engine\inc</Filter>
    </ClInclude>
    <ClInclude Include="engine\inc\View.h">
      <Filter>Source Files\engine\inc</Filter>
    </ClInclude>
    <ClInclude Include="particles\inc\Quad.h">
      <Filter>Source Files\particles\inc</Filter>
    </ClInclude>
    <ClInclude Include="engine\inc\FullscreenQuad.h">
      <Filter>Source Files\engine\inc</Filter>
    </ClInclude>
    <ClInclude Include="engine\inc\MapLoader.h">
      <Filter>Source Files\engine\inc</Filter>
    </ClInclude>
  </ItemGroup>
  <ItemGroup>
    <FxCompile Include="..\Resources\Shaders\instanced_billboard.hlsl">
      <Filter>Shaders</Filter>
    </FxCompile>
    <FxCompile Include="..\Resources\Shaders\particle.hlsl">
      <Filter>Shaders</Filter>
    </FxCompile>
    <FxCompile Include="..\Resources\Shaders\phong.hlsl">
      <Filter>Shaders</Filter>
    </FxCompile>
    <FxCompile Include="..\Resources\Shaders\texture.hlsl">
      <Filter>Shaders</Filter>
    </FxCompile>
    <FxCompile Include="..\Resources\Shaders\shadow.hlsl">
      <Filter>Shaders</Filter>
    </FxCompile>
    <FxCompile Include="..\Resources\Shaders\tangent.hlsl">
      <Filter>Shaders</Filter>
    </FxCompile>
  </ItemGroup>
</Project>